<?xml version="1.0" encoding="utf-8"?>
<Project ToolsVersion="4.0" xmlns="http://schemas.microsoft.com/developer/msbuild/2003">
  <ItemGroup>
    <Filter Include="ソース ファイル">
      <UniqueIdentifier>{4FC737F1-C7A5-4376-A066-2A32D752A2FF}</UniqueIdentifier>
      <Extensions>cpp;c;cc;cxx;c++;cppm;ixx;def;odl;idl;hpj;bat;asm;asmx</Extensions>
    </Filter>
    <Filter Include="ヘッダー ファイル">
      <UniqueIdentifier>{93995380-89BD-4b04-88EB-625FBE52EBFB}</UniqueIdentifier>
      <Extensions>h;hh;hpp;hxx;h++;hm;inl;inc;ipp;xsd</Extensions>
    </Filter>
    <Filter Include="リソース ファイル">
      <UniqueIdentifier>{67DA6AB6-F800-4c08-8B7A-83BB121AAD01}</UniqueIdentifier>
      <Extensions>rc;ico;cur;bmp;dlg;rc2;rct;bin;rgs;gif;jpg;jpeg;jpe;resx;tiff;tif;png;wav;mfcribbon-ms</Extensions>
    </Filter>
    <Filter Include="ソース ファイル\Barrage">
      <UniqueIdentifier>{a1cec97d-b428-4edd-a7e2-58f655d262c2}</UniqueIdentifier>
    </Filter>
    <Filter Include="ソース ファイル\Barrage\Emission">
      <UniqueIdentifier>{25660c8e-b1ae-4a76-bd33-67e2253e452e}</UniqueIdentifier>
    </Filter>
    <Filter Include="ソース ファイル\Barrage\Emission\StraightShotEmission">
      <UniqueIdentifier>{0f8823e3-37d9-4bb6-94bf-49bc58bc0d18}</UniqueIdentifier>
    </Filter>
    <Filter Include="ソース ファイル\Character">
      <UniqueIdentifier>{d796acc0-fcf0-42b7-a737-2980fcda4c71}</UniqueIdentifier>
    </Filter>
    <Filter Include="ソース ファイル\Character\EnemyCharacter">
      <UniqueIdentifier>{2a80416a-b1a6-4780-8453-4011d8d7347c}</UniqueIdentifier>
    </Filter>
    <Filter Include="ソース ファイル\Character\MyCharacter">
      <UniqueIdentifier>{88ba75e7-9960-4962-b40b-d92444f3f0fa}</UniqueIdentifier>
    </Filter>
    <Filter Include="ソース ファイル\Character\EnemyCharacter\BossCharacter">
      <UniqueIdentifier>{8fda0689-5fd7-4c58-8617-65fc1f647645}</UniqueIdentifier>
    </Filter>
    <Filter Include="ソース ファイル\Character\EnemyCharacter\ZakoCharacter">
      <UniqueIdentifier>{20358584-e5b5-44ab-9809-6a9b9953bffb}</UniqueIdentifier>
    </Filter>
    <Filter Include="ソース ファイル\CollideRealm">
      <UniqueIdentifier>{011bc8f4-2a8d-49cd-987e-69f9070d0a7e}</UniqueIdentifier>
    </Filter>
    <Filter Include="ソース ファイル\Offensive">
      <UniqueIdentifier>{2ab544bf-6a00-4284-b5db-cef09504d188}</UniqueIdentifier>
    </Filter>
    <Filter Include="ソース ファイル\Offensive\Bullet">
      <UniqueIdentifier>{86c34c5e-85cb-4fe1-8b38-d26a456011ff}</UniqueIdentifier>
    </Filter>
    <Filter Include="ソース ファイル\Offensive\Bullet\HomingShot">
      <UniqueIdentifier>{8cdaf80a-8524-4049-8cef-b2638b58738c}</UniqueIdentifier>
    </Filter>
    <Filter Include="ソース ファイル\Offensive\Bullet\StraightShot">
      <UniqueIdentifier>{ce93c192-66fc-4f3a-9c09-d513233977c0}</UniqueIdentifier>
    </Filter>
    <Filter Include="ソース ファイル\Position">
      <UniqueIdentifier>{bc4070a8-818d-489f-bf63-14a8fc464c29}</UniqueIdentifier>
    </Filter>
    <Filter Include="ソース ファイル\Scenario">
      <UniqueIdentifier>{d4671f87-025a-4628-b1a1-a6585b7d8ad0}</UniqueIdentifier>
    </Filter>
    <Filter Include="ソース ファイル\Offensive\Laser">
      <UniqueIdentifier>{062d30c9-e083-40d9-b8e2-00a5c7c1da47}</UniqueIdentifier>
    </Filter>
  </ItemGroup>
  <ItemGroup>
    <ClInclude Include="program\enum.h">
      <Filter>ヘッダー ファイル</Filter>
    </ClInclude>
    <ClInclude Include="program\SettingParams.h">
      <Filter>ソース ファイル</Filter>
    </ClInclude>
    <ClInclude Include="program\DebugParams.h">
      <Filter>ソース ファイル</Filter>
    </ClInclude>
    <ClInclude Include="program\Colors.h">
      <Filter>ソース ファイル</Filter>
    </ClInclude>
    <ClInclude Include="program\KeyPushFlags.h">
      <Filter>ソース ファイル</Filter>
    </ClInclude>
    <ClInclude Include="program\FontHandles.h">
      <Filter>ソース ファイル</Filter>
    </ClInclude>
    <ClInclude Include="program\SoundHandles.h">
      <Filter>ソース ファイル</Filter>
    </ClInclude>
    <ClInclude Include="program\ImageHandles.h">
      <Filter>ソース ファイル</Filter>
    </ClInclude>
    <ClInclude Include="program\NicknameInput.h">
      <Filter>ソース ファイル</Filter>
    </ClInclude>
    <ClInclude Include="program\Dial.h">
      <Filter>ソース ファイル</Filter>
    </ClInclude>
    <ClInclude Include="program\Screen.h">
      <Filter>ソース ファイル</Filter>
    </ClInclude>
    <ClInclude Include="program\Position\InFieldPosition.h">
      <Filter>ソース ファイル\Position</Filter>
    </ClInclude>
    <ClInclude Include="program\Position\Position.h">
      <Filter>ソース ファイル\Position</Filter>
    </ClInclude>
    <ClInclude Include="program\CollideRealm\CollideCircle.h">
      <Filter>ソース ファイル\CollideRealm</Filter>
    </ClInclude>
    <ClInclude Include="program\CollideRealm\CollideRealm.h">
      <Filter>ソース ファイル\CollideRealm</Filter>
    </ClInclude>
    <ClInclude Include="program\Scenario\Stage1.h">
      <Filter>ソース ファイル\Scenario</Filter>
    </ClInclude>
    <ClInclude Include="program\Scenario\Scenario.h">
      <Filter>ソース ファイル\Scenario</Filter>
    </ClInclude>
    <ClInclude Include="program\AppSession.h">
      <Filter>ソース ファイル</Filter>
    </ClInclude>
    <ClInclude Include="program\GameConductor.h">
      <Filter>ソース ファイル</Filter>
    </ClInclude>
    <ClInclude Include="program\Field.h">
      <Filter>ソース ファイル</Filter>
    </ClInclude>
    <ClInclude Include="program\Character\Character.h">
      <Filter>ソース ファイル\Character</Filter>
    </ClInclude>
    <ClInclude Include="program\Character\MyCharacter\MyCharacter.h">
      <Filter>ソース ファイル\Character\MyCharacter</Filter>
    </ClInclude>
    <ClInclude Include="program\Character\MyCharacter\Ichigochan.h">
      <Filter>ソース ファイル\Character\MyCharacter</Filter>
    </ClInclude>
    <ClInclude Include="program\Character\EnemyCharacter\EnemyCharacter.h">
      <Filter>ソース ファイル\Character\EnemyCharacter</Filter>
    </ClInclude>
    <ClInclude Include="program\Character\EnemyCharacter\BossCharacter\BossCharacter.h">
      <Filter>ソース ファイル\Character\EnemyCharacter\BossCharacter</Filter>
    </ClInclude>
    <ClInclude Include="program\Character\EnemyCharacter\BossCharacter\Mofu.h">
      <Filter>ソース ファイル\Character\EnemyCharacter\BossCharacter</Filter>
    </ClInclude>
    <ClInclude Include="program\Character\EnemyCharacter\ZakoCharacter\ZakoCharacter.h">
      <Filter>ソース ファイル\Character\EnemyCharacter\ZakoCharacter</Filter>
    </ClInclude>
    <ClInclude Include="program\Character\EnemyCharacter\ZakoCharacter\ZkChrStg1Wv1.h">
      <Filter>ソース ファイル\Character\EnemyCharacter\ZakoCharacter</Filter>
    </ClInclude>
    <ClInclude Include="program\Character\EnemyCharacter\ZakoCharacter\ZkChrStg1Wv2.h">
      <Filter>ソース ファイル\Character\EnemyCharacter\ZakoCharacter</Filter>
    </ClInclude>
    <ClInclude Include="program\Character\EnemyCharacter\ZakoCharacter\ZkChrStg1Wv3S.h">
      <Filter>ソース ファイル\Character\EnemyCharacter\ZakoCharacter</Filter>
    </ClInclude>
    <ClInclude Include="program\Character\EnemyCharacter\ZakoCharacter\ZkChrStg1Wv3L.h">
      <Filter>ソース ファイル\Character\EnemyCharacter\ZakoCharacter</Filter>
    </ClInclude>
    <ClInclude Include="program\Character\EnemyCharacter\ZakoCharacter\ZkChrStg1Wv4.h">
      <Filter>ソース ファイル\Character\EnemyCharacter\ZakoCharacter</Filter>
    </ClInclude>
    <ClInclude Include="program\Character\EnemyCharacter\ZakoCharacter\ZkChrStg1Wv5S.h">
      <Filter>ソース ファイル\Character\EnemyCharacter\ZakoCharacter</Filter>
    </ClInclude>
    <ClInclude Include="program\Character\EnemyCharacter\ZakoCharacter\ZkChrStg1Wv5L.h">
      <Filter>ソース ファイル\Character\EnemyCharacter\ZakoCharacter</Filter>
    </ClInclude>
    <ClInclude Include="program\Character\EnemyCharacter\ZakoCharacter\ZkChrStg1BsSp3.h">
      <Filter>ソース ファイル\Character\EnemyCharacter\ZakoCharacter</Filter>
    </ClInclude>
    <ClInclude Include="program\Offensive\Bullet\Bullet.h">
      <Filter>ソース ファイル\Offensive\Bullet</Filter>
    </ClInclude>
    <ClInclude Include="program\Offensive\Bullet\StraightShot\StraightShot.h">
      <Filter>ソース ファイル\Offensive\Bullet\StraightShot</Filter>
    </ClInclude>
    <ClInclude Include="program\Offensive\Bullet\HomingShot\HomingShot.h">
      <Filter>ソース ファイル\Offensive\Bullet\HomingShot</Filter>
    </ClInclude>
    <ClInclude Include="program\Offensive\Bullet\SwayingShot.h">
      <Filter>ソース ファイル\Offensive\Bullet</Filter>
    </ClInclude>
    <ClInclude Include="program\Offensive\Bullet\CurvingShot.h">
      <Filter>ソース ファイル\Offensive\Bullet</Filter>
    </ClInclude>
    <ClInclude Include="program\Offensive\Bullet\ParabolicShot.h">
      <Filter>ソース ファイル\Offensive\Bullet</Filter>
    </ClInclude>
    <ClInclude Include="program\Offensive\Bullet\StraightShot\FloatingTerrorShot.h">
      <Filter>ソース ファイル\Offensive\Bullet\StraightShot</Filter>
    </ClInclude>
    <ClInclude Include="program\Offensive\Bullet\KurageAmeShot.h">
      <Filter>ソース ファイル\Offensive\Bullet</Filter>
    </ClInclude>
    <ClInclude Include="program\Offensive\Bullet\GravityShot.h">
      <Filter>ソース ファイル\Offensive\Bullet</Filter>
    </ClInclude>
    <ClInclude Include="program\Offensive\Laser\Laser.h">
      <Filter>ソース ファイル\Offensive\Laser</Filter>
    </ClInclude>
    <ClInclude Include="program\Offensive\Laser\BendingLaser.h">
      <Filter>ソース ファイル\Offensive\Laser</Filter>
    </ClInclude>
    <ClInclude Include="program\Barrage\Barrage.h">
      <Filter>ソース ファイル\Barrage</Filter>
    </ClInclude>
    <ClInclude Include="program\Barrage\Emission\Emission.h">
      <Filter>ソース ファイル\Barrage\Emission</Filter>
    </ClInclude>
    <ClInclude Include="program\Barrage\Emission\StraightShotEmission.h">
      <Filter>ソース ファイル\Barrage\Emission\StraightShotEmission</Filter>
    </ClInclude>
    <ClInclude Include="program\Barrage\Emission\StraightShotEmission\SimpleStraightShotEmission.h">
      <Filter>ソース ファイル\Barrage\Emission\StraightShotEmission</Filter>
    </ClInclude>
    <ClInclude Include="program\Barrage\Emission\StraightShotEmission\RotatingStraightShotEmission.h">
      <Filter>ソース ファイル\Barrage\Emission\StraightShotEmission</Filter>
    </ClInclude>
    <ClInclude Include="program\CollideRealm\CollideRectangle.h">
      <Filter>ソース ファイル\CollideRealm</Filter>
    </ClInclude>
    <ClInclude Include="program\CollideRealm\CollideTriangle.h">
      <Filter>ソース ファイル\CollideRealm</Filter>
    </ClInclude>
    <ClInclude Include="program\Scoreboard.h">
      <Filter>ソース ファイル</Filter>
    </ClInclude>
    <ClInclude Include="program\Offensive\Offensive.h">
      <Filter>ソース ファイル\Offensive</Filter>
    </ClInclude>
    <ClInclude Include="TitleScreen.h">
      <Filter>ソース ファイル</Filter>
    </ClInclude>
  </ItemGroup>
  <ItemGroup>
    <ClCompile Include="program\AppSession.cpp">
      <Filter>ソース ファイル</Filter>
    </ClCompile>
    <ClCompile Include="program\Colors.cpp">
      <Filter>ソース ファイル</Filter>
    </ClCompile>
    <ClCompile Include="program\Field.cpp">
      <Filter>ソース ファイル</Filter>
    </ClCompile>
    <ClCompile Include="program\GameConductor.cpp">
      <Filter>ソース ファイル</Filter>
    </ClCompile>
    <ClCompile Include="program\ImageHandles.cpp">
      <Filter>ソース ファイル</Filter>
    </ClCompile>
    <ClCompile Include="program\KeyPushFlags.cpp">
      <Filter>ソース ファイル</Filter>
    </ClCompile>
    <ClCompile Include="program\main.cpp">
      <Filter>ソース ファイル</Filter>
    </ClCompile>
    <ClCompile Include="program\DebugParams.cpp">
      <Filter>ソース ファイル</Filter>
    </ClCompile>
    <ClCompile Include="program\SettingParams.cpp">
      <Filter>ソース ファイル</Filter>
    </ClCompile>
    <ClCompile Include="program\SoundHandles.cpp">
      <Filter>ソース ファイル</Filter>
    </ClCompile>
    <ClCompile Include="program\FontHandles.cpp">
      <Filter>ソース ファイル</Filter>
    </ClCompile>
    <ClCompile Include="program\Dial.cpp">
      <Filter>ソース ファイル</Filter>
    </ClCompile>
    <ClCompile Include="program\NicknameInput.cpp">
      <Filter>ソース ファイル</Filter>
    </ClCompile>
    <ClCompile Include="program\Barrage\Barrage.cpp">
      <Filter>ソース ファイル\Barrage</Filter>
    </ClCompile>
    <ClCompile Include="program\Barrage\Emission\StraightShotEmission\RotatingStraightShotEmission.cpp">
      <Filter>ソース ファイル\Barrage\Emission\StraightShotEmission</Filter>
    </ClCompile>
    <ClCompile Include="program\Barrage\Emission\StraightShotEmission\SimpleStraightShotEmission.cpp">
      <Filter>ソース ファイル\Barrage\Emission\StraightShotEmission</Filter>
    </ClCompile>
    <ClCompile Include="program\Character\Character.cpp">
      <Filter>ソース ファイル\Character</Filter>
    </ClCompile>
    <ClCompile Include="program\Character\EnemyCharacter\EnemyCharacter.cpp">
      <Filter>ソース ファイル\Character\EnemyCharacter</Filter>
    </ClCompile>
    <ClCompile Include="program\Character\EnemyCharacter\BossCharacter\BossCharacter.cpp">
      <Filter>ソース ファイル\Character\EnemyCharacter\BossCharacter</Filter>
    </ClCompile>
    <ClCompile Include="program\Character\EnemyCharacter\BossCharacter\Mofu.cpp">
      <Filter>ソース ファイル\Character\EnemyCharacter\BossCharacter</Filter>
    </ClCompile>
    <ClCompile Include="program\Character\EnemyCharacter\ZakoCharacter\ZkChrStg1Wv5S.cpp">
      <Filter>ソース ファイル\Character\EnemyCharacter\ZakoCharacter</Filter>
    </ClCompile>
    <ClCompile Include="program\Character\EnemyCharacter\ZakoCharacter\ZkChrStg1Wv5L.cpp">
      <Filter>ソース ファイル\Character\EnemyCharacter\ZakoCharacter</Filter>
    </ClCompile>
    <ClCompile Include="program\Character\EnemyCharacter\ZakoCharacter\ZkChrStg1Wv4.cpp">
      <Filter>ソース ファイル\Character\EnemyCharacter\ZakoCharacter</Filter>
    </ClCompile>
    <ClCompile Include="program\Character\EnemyCharacter\ZakoCharacter\ZkChrStg1Wv3S.cpp">
      <Filter>ソース ファイル\Character\EnemyCharacter\ZakoCharacter</Filter>
    </ClCompile>
    <ClCompile Include="program\Character\EnemyCharacter\ZakoCharacter\ZkChrStg1Wv3L.cpp">
      <Filter>ソース ファイル\Character\EnemyCharacter\ZakoCharacter</Filter>
    </ClCompile>
    <ClCompile Include="program\Character\EnemyCharacter\ZakoCharacter\ZkChrStg1Wv2.cpp">
      <Filter>ソース ファイル\Character\EnemyCharacter\ZakoCharacter</Filter>
    </ClCompile>
    <ClCompile Include="program\Character\EnemyCharacter\ZakoCharacter\ZkChrStg1Wv1.cpp">
      <Filter>ソース ファイル\Character\EnemyCharacter\ZakoCharacter</Filter>
    </ClCompile>
    <ClCompile Include="program\Character\EnemyCharacter\ZakoCharacter\ZakoCharacter.cpp">
      <Filter>ソース ファイル\Character\EnemyCharacter\ZakoCharacter</Filter>
    </ClCompile>
    <ClCompile Include="program\Character\EnemyCharacter\ZakoCharacter\ZkChrStg1BsSp3.cpp">
      <Filter>ソース ファイル\Character\EnemyCharacter\ZakoCharacter</Filter>
    </ClCompile>
    <ClCompile Include="program\CollideRealm\CollideCircle.cpp">
      <Filter>ソース ファイル\CollideRealm</Filter>
    </ClCompile>
    <ClCompile Include="program\CollideRealm\CollideRealm.cpp">
      <Filter>ソース ファイル\CollideRealm</Filter>
    </ClCompile>
    <ClCompile Include="program\Offensive\Offensive.cpp">
      <Filter>ソース ファイル\Offensive</Filter>
    </ClCompile>
    <ClCompile Include="program\Offensive\Bullet\Bullet.cpp">
      <Filter>ソース ファイル\Offensive\Bullet</Filter>
    </ClCompile>
    <ClCompile Include="program\Offensive\Bullet\CurvingShot.cpp">
      <Filter>ソース ファイル\Offensive\Bullet</Filter>
    </ClCompile>
    <ClCompile Include="program\Offensive\Bullet\KurageAmeShot.cpp">
      <Filter>ソース ファイル\Offensive\Bullet</Filter>
    </ClCompile>
    <ClCompile Include="program\Offensive\Bullet\SwayingShot.cpp">
      <Filter>ソース ファイル\Offensive\Bullet</Filter>
    </ClCompile>
    <ClCompile Include="program\Offensive\Bullet\HomingShot\HomingShot.cpp">
      <Filter>ソース ファイル\Offensive\Bullet\HomingShot</Filter>
    </ClCompile>
    <ClCompile Include="program\Offensive\Bullet\StraightShot\FloatingTerrorShot.cpp">
      <Filter>ソース ファイル\Offensive\Bullet\StraightShot</Filter>
    </ClCompile>
    <ClCompile Include="program\Offensive\Bullet\StraightShot\StraightShot.cpp">
      <Filter>ソース ファイル\Offensive\Bullet\StraightShot</Filter>
    </ClCompile>
    <ClCompile Include="program\Position\Position.cpp">
      <Filter>ソース ファイル\Position</Filter>
    </ClCompile>
    <ClCompile Include="program\Position\InFieldPosition.cpp">
      <Filter>ソース ファイル\Position</Filter>
    </ClCompile>
    <ClCompile Include="program\Scenario\Scenario.cpp">
      <Filter>ソース ファイル\Scenario</Filter>
    </ClCompile>
    <ClCompile Include="program\Scenario\Stage1.cpp">
      <Filter>ソース ファイル\Scenario</Filter>
    </ClCompile>
    <ClCompile Include="program\Character\MyCharacter\IchigoChan.cpp">
      <Filter>ソース ファイル\Character\MyCharacter</Filter>
    </ClCompile>
    <ClCompile Include="program\Character\MyCharacter\MyCharacter.cpp">
      <Filter>ソース ファイル\Character\MyCharacter</Filter>
    </ClCompile>
    <ClCompile Include="TitleScreen.cpp">
      <Filter>ソース ファイル</Filter>
    </ClCompile>
  </ItemGroup>
</Project>